
Microsoft Visual Studio Solution File, Format Version 12.00
# Visual Studio Version 16
VisualStudioVersion = 16.0.30717.126
MinimumVisualStudioVersion = 10.0.40219.1
Project("{FAE04EC0-301F-11D3-BF4B-00C04F79EFBC}") = "PostViagens", "PostViagens\PostViagens.csproj", "{4DB1FFFD-A62F-47AE-A34A-D4B5F415C0B1}"
EndProject
Global
	GlobalSection(SolutionConfigurationPlatforms) = preSolution
		Debug|Any CPU = Debug|Any CPU
		Release|Any CPU = Release|Any CPU
	EndGlobalSection
	GlobalSection(ProjectConfigurationPlatforms) = postSolution
		{4DB1FFFD-A62F-47AE-A34A-D4B5F415C0B1}.Debug|Any CPU.ActiveCfg = Debug|Any CPU
		{4DB1FFFD-A62F-47AE-A34A-D4B5F415C0B1}.Debug|Any CPU.Build.0 = Debug|Any CPU
		{4DB1FFFD-A62F-47AE-A34A-D4B5F415C0B1}.Release|Any CPU.ActiveCfg = Release|Any CPU
		{4DB1FFFD-A62F-47AE-A34A-D4B5F415C0B1}.Release|Any CPU.Build.0 = Release|Any CPU
	EndGlobalSection
	GlobalSection(SolutionProperties) = preSolution
		HideSolutionNode = FALSE
	EndGlobalSection
	GlobalSection(ExtensibilityGlobals) = postSolution
		SolutionGuid = {80CE4CE8-288A-4FCA-A971-AE1C58CF25EE}
	EndGlobalSection
EndGlobal
